
Microsoft Visual Studio Solution File, Format Version 12.00
# Visual Studio Version 17
VisualStudioVersion = 17.14.36511.14 d17.14
MinimumVisualStudioVersion = 10.0.40219.1
Project("{FAE04EC0-301F-11D3-BF4B-00C04F79EFBC}") = "lab7", "lab7\lab7.csproj", "{4E799116-9312-4A2B-9798-C0BA825BCF41}"
EndProject
Global
	GlobalSection(SolutionConfigurationPlatforms) = preSolution
		Debug|Any CPU = Debug|Any CPU
		Release|Any CPU = Release|Any CPU
	EndGlobalSection
	GlobalSection(ProjectConfigurationPlatforms) = postSolution
		{4E799116-9312-4A2B-9798-C0BA825BCF41}.Debug|Any CPU.ActiveCfg = Debug|Any CPU
		{4E799116-9312-4A2B-9798-C0BA825BCF41}.Debug|Any CPU.Build.0 = Debug|Any CPU
		{4E799116-9312-4A2B-9798-C0BA825BCF41}.Release|Any CPU.ActiveCfg = Release|Any CPU
		{4E799116-9312-4A2B-9798-C0BA825BCF41}.Release|Any CPU.Build.0 = Release|Any CPU
	EndGlobalSection
	GlobalSection(SolutionProperties) = preSolution
		HideSolutionNode = FALSE
	EndGlobalSection
	GlobalSection(ExtensibilityGlobals) = postSolution
		SolutionGuid = {8340F3D6-5126-43A1-A53F-812CFFC0E820}
	EndGlobalSection
EndGlobal
